{
  "name": "@zangguodong/good-pkg",
  "version": "1.0.0",
  "lockfileVersion": 3,
  "requires": true,
  "packages": {
    "": {
      "name": "@zangguodong/good-pkg",
      "version": "1.0.0",
      "license": "ISC",
      "devDependencies": {
        "typescript": "^5.2.0-dev.20230706"
      }
    },
    "node_modules/typescript": {
      "version": "5.2.0-dev.20230706",
      "resolved": "https://registry.npmjs.org/typescript/-/typescript-5.2.0-dev.20230706.tgz",
      "integrity": "sha512-ma5zu+mBAHLZbR+k61P/LbiAH2+epfZjztEHAEBz/HhvAF2Hp8/r1hqnBA947iwoBwqIi1se4uQXVH8Sggn9uw==",
      "dev": true,
      "bin": {
        "tsc": "bin/tsc",
        "tsserver": "bin/tsserver"
      },
      "engines": {
        "node": ">=14.17"
      }
    }
  }
}
